
Microsoft Visual Studio Solution File, Format Version 12.00
# Visual Studio Version 17
VisualStudioVersion = 17.14.36310.24 d17.14
MinimumVisualStudioVersion = 10.0.40219.1
Project("{FAE04EC0-301F-11D3-BF4B-00C04F79EFBC}") = "PrakritiAnalyzer", "PrakritiAnalyzer.csproj", "{00C12437-64B8-42D9-8AC0-8F1785388A18}"
EndProject
Global
	GlobalSection(SolutionConfigurationPlatforms) = preSolution
		Debug|Any CPU = Debug|Any CPU
		Release|Any CPU = Release|Any CPU
	EndGlobalSection
	GlobalSection(ProjectConfigurationPlatforms) = postSolution
		{00C12437-64B8-42D9-8AC0-8F1785388A18}.Debug|Any CPU.ActiveCfg = Debug|Any CPU
		{00C12437-64B8-42D9-8AC0-8F1785388A18}.Debug|Any CPU.Build.0 = Debug|Any CPU
		{00C12437-64B8-42D9-8AC0-8F1785388A18}.Release|Any CPU.ActiveCfg = Release|Any CPU
		{00C12437-64B8-42D9-8AC0-8F1785388A18}.Release|Any CPU.Build.0 = Release|Any CPU
	EndGlobalSection
	GlobalSection(SolutionProperties) = preSolution
		HideSolutionNode = FALSE
	EndGlobalSection
	GlobalSection(ExtensibilityGlobals) = postSolution
		SolutionGuid = {0009055F-A975-48E0-A496-D84BC794BFC0}
	EndGlobalSection
EndGlobal
